
Microsoft Visual Studio Solution File, Format Version 12.00
# Visual Studio 15
VisualStudioVersion = 15.0.27428.2005
MinimumVisualStudioVersion = 10.0.40219.1
Project("{9A19103F-16F7-4668-BE54-9A1E7A4F7556}") = "Crud", "Crud.csproj", "{ADFAB592-B1CB-4B5D-8BC1-D40F7344240D}"
EndProject
Global
	GlobalSection(SolutionConfigurationPlatforms) = preSolution
		Debug|Any CPU = Debug|Any CPU
		Release|Any CPU = Release|Any CPU
	EndGlobalSection
	GlobalSection(ProjectConfigurationPlatforms) = postSolution
		{ADFAB592-B1CB-4B5D-8BC1-D40F7344240D}.Debug|Any CPU.ActiveCfg = Debug|Any CPU
		{ADFAB592-B1CB-4B5D-8BC1-D40F7344240D}.Debug|Any CPU.Build.0 = Debug|Any CPU
		{ADFAB592-B1CB-4B5D-8BC1-D40F7344240D}.Release|Any CPU.ActiveCfg = Release|Any CPU
		{ADFAB592-B1CB-4B5D-8BC1-D40F7344240D}.Release|Any CPU.Build.0 = Release|Any CPU
	EndGlobalSection
	GlobalSection(SolutionProperties) = preSolution
		HideSolutionNode = FALSE
	EndGlobalSection
	GlobalSection(ExtensibilityGlobals) = postSolution
		SolutionGuid = {33805D84-6CB9-41D7-B0BB-415B4D524988}
	EndGlobalSection
EndGlobal
